// !$*UTF8*$!
{
	archiveVersion = 1;
	classes = {
	};
	objectVersion = 56;
	objects = {

/* Begin PBXBuildFile section */
		573166A72A415AC20051F7D5 /* User.swift in Sources */ = {isa = PBXBuildFile; fileRef = 573166A62A415AC20051F7D5 /* User.swift */; };
		573166AB2A4217470051F7D5 /* InvitePartnerScreen.swift in Sources */ = {isa = PBXBuildFile; fileRef = 573166AA2A4217470051F7D5 /* InvitePartnerScreen.swift */; };
		573166AD2A426EDD0051F7D5 /* SignuporLoginScreen.swift in Sources */ = {isa = PBXBuildFile; fileRef = 573166AC2A426EDD0051F7D5 /* SignuporLoginScreen.swift */; };
		573166AF2A4272350051F7D5 /* LoginScreen.swift in Sources */ = {isa = PBXBuildFile; fileRef = 573166AE2A4272350051F7D5 /* LoginScreen.swift */; };
		573166B42A42AF970051F7D5 /* MainContent.swift in Sources */ = {isa = PBXBuildFile; fileRef = 573166B32A42AF970051F7D5 /* MainContent.swift */; };
		573166B62A43786E0051F7D5 /* AppState.swift in Sources */ = {isa = PBXBuildFile; fileRef = 573166B52A43786E0051F7D5 /* AppState.swift */; };
		573166B82A43D8F20051F7D5 /* HavePartner.swift in Sources */ = {isa = PBXBuildFile; fileRef = 573166B72A43D8F20051F7D5 /* HavePartner.swift */; };
		573166BC2A44BB9B0051F7D5 /* InviteCodeDisplayScreen.swift in Sources */ = {isa = PBXBuildFile; fileRef = 573166BB2A44BB9B0051F7D5 /* InviteCodeDisplayScreen.swift */; };
		573166C02A44DAAC0051F7D5 /* InviteCodeBox.swift in Sources */ = {isa = PBXBuildFile; fileRef = 573166BF2A44DAAC0051F7D5 /* InviteCodeBox.swift */; };
		573166C22A451F110051F7D5 /* codeInputField.swift in Sources */ = {isa = PBXBuildFile; fileRef = 573166C12A451F110051F7D5 /* codeInputField.swift */; };
		57535AA82A4B5B2E0013D044 /* HomeScreen.swift in Sources */ = {isa = PBXBuildFile; fileRef = 57535AA72A4B5B2E0013D044 /* HomeScreen.swift */; };
		57535AAB2A4B5D5C0013D044 /* GoalCardModel.swift in Sources */ = {isa = PBXBuildFile; fileRef = 57535AAA2A4B5D5C0013D044 /* GoalCardModel.swift */; };
		57535AAE2A4C7D1B0013D044 /* CalendarView.swift in Sources */ = {isa = PBXBuildFile; fileRef = 57535AAD2A4C7D1B0013D044 /* CalendarView.swift */; };
		57535AB02A4C7F580013D044 /* CalendarScreen.swift in Sources */ = {isa = PBXBuildFile; fileRef = 57535AAF2A4C7F580013D044 /* CalendarScreen.swift */; };
		57539F792A380BAE0030FFBA /* GoogleService-Info.plist in Resources */ = {isa = PBXBuildFile; fileRef = 57539F782A380BAE0030FFBA /* GoogleService-Info.plist */; };
		5767F8AB2A4F8B4600AD3FAC /* SF-Pro-Display-MediumItalic.otf in Resources */ = {isa = PBXBuildFile; fileRef = 5767F8992A4F8B4200AD3FAC /* SF-Pro-Display-MediumItalic.otf */; };
		5767F8AC2A4F8B4600AD3FAC /* SF-Pro-Display-RegularItalic.otf in Resources */ = {isa = PBXBuildFile; fileRef = 5767F89A2A4F8B4200AD3FAC /* SF-Pro-Display-RegularItalic.otf */; };
		5767F8AD2A4F8B4600AD3FAC /* SF-Pro-Display-Black.otf in Resources */ = {isa = PBXBuildFile; fileRef = 5767F89B2A4F8B4200AD3FAC /* SF-Pro-Display-Black.otf */; };
		5767F8AE2A4F8B4600AD3FAC /* SF-Pro-Display-Semibold.otf in Resources */ = {isa = PBXBuildFile; fileRef = 5767F89C2A4F8B4200AD3FAC /* SF-Pro-Display-Semibold.otf */; };
		5767F8AF2A4F8B4600AD3FAC /* SF-Pro-Display-BlackItalic.otf in Resources */ = {isa = PBXBuildFile; fileRef = 5767F89D2A4F8B4300AD3FAC /* SF-Pro-Display-BlackItalic.otf */; };
		5767F8B02A4F8B4600AD3FAC /* SF-Pro-Display-SemiboldItalic.otf in Resources */ = {isa = PBXBuildFile; fileRef = 5767F89E2A4F8B4300AD3FAC /* SF-Pro-Display-SemiboldItalic.otf */; };
		5767F8B12A4F8B4600AD3FAC /* SF-Pro-Display-BoldItalic.otf in Resources */ = {isa = PBXBuildFile; fileRef = 5767F89F2A4F8B4300AD3FAC /* SF-Pro-Display-BoldItalic.otf */; };
		5767F8B22A4F8B4600AD3FAC /* SF-Pro-Display-UltralightItalic.otf in Resources */ = {isa = PBXBuildFile; fileRef = 5767F8A02A4F8B4300AD3FAC /* SF-Pro-Display-UltralightItalic.otf */; };
		5767F8B32A4F8B4600AD3FAC /* SF-Pro-Display-Regular.otf in Resources */ = {isa = PBXBuildFile; fileRef = 5767F8A12A4F8B4400AD3FAC /* SF-Pro-Display-Regular.otf */; };
		5767F8B42A4F8B4600AD3FAC /* SF-Pro-Display-Thin.otf in Resources */ = {isa = PBXBuildFile; fileRef = 5767F8A22A4F8B4400AD3FAC /* SF-Pro-Display-Thin.otf */; };
		5767F8B52A4F8B4600AD3FAC /* SF-Pro-Display-Medium.otf in Resources */ = {isa = PBXBuildFile; fileRef = 5767F8A32A4F8B4400AD3FAC /* SF-Pro-Display-Medium.otf */; };
		5767F8B62A4F8B4600AD3FAC /* SF-Pro-Display-LightItalic.otf in Resources */ = {isa = PBXBuildFile; fileRef = 5767F8A42A4F8B4400AD3FAC /* SF-Pro-Display-LightItalic.otf */; };
		5767F8B72A4F8B4600AD3FAC /* SF-Pro-Display-ThinItalic.otf in Resources */ = {isa = PBXBuildFile; fileRef = 5767F8A52A4F8B4500AD3FAC /* SF-Pro-Display-ThinItalic.otf */; };
		5767F8B82A4F8B4600AD3FAC /* SF-Pro-Display-Bold.otf in Resources */ = {isa = PBXBuildFile; fileRef = 5767F8A62A4F8B4500AD3FAC /* SF-Pro-Display-Bold.otf */; };
		5767F8B92A4F8B4600AD3FAC /* SF-Pro-Display-HeavyItalic.otf in Resources */ = {isa = PBXBuildFile; fileRef = 5767F8A72A4F8B4500AD3FAC /* SF-Pro-Display-HeavyItalic.otf */; };
		5767F8BA2A4F8B4600AD3FAC /* SF-Pro-Display-Ultralight.otf in Resources */ = {isa = PBXBuildFile; fileRef = 5767F8A82A4F8B4500AD3FAC /* SF-Pro-Display-Ultralight.otf */; };
		5767F8BB2A4F8B4600AD3FAC /* SF-Pro-Display-Heavy.otf in Resources */ = {isa = PBXBuildFile; fileRef = 5767F8A92A4F8B4600AD3FAC /* SF-Pro-Display-Heavy.otf */; };
		5767F8BC2A4F8B4600AD3FAC /* SF-Pro-Display-Light.otf in Resources */ = {isa = PBXBuildFile; fileRef = 5767F8AA2A4F8B4600AD3FAC /* SF-Pro-Display-Light.otf */; };
		5767F8BF2A50813600AD3FAC /* GoalCardModelView.swift in Sources */ = {isa = PBXBuildFile; fileRef = 5767F8BE2A50813600AD3FAC /* GoalCardModelView.swift */; };
		5767F8C12A52279400AD3FAC /* DataManager.swift in Sources */ = {isa = PBXBuildFile; fileRef = 5767F8C02A52279400AD3FAC /* DataManager.swift */; };
		5767F8C32A53358F00AD3FAC /* AddNewGoalCard.swift in Sources */ = {isa = PBXBuildFile; fileRef = 5767F8C22A53358F00AD3FAC /* AddNewGoalCard.swift */; };
		5772F0372A55FC0000A000E0 /* SwipeActions in Frameworks */ = {isa = PBXBuildFile; productRef = 5772F0362A55FC0000A000E0 /* SwipeActions */; };
		57B2097F2A37EB8000704BDC /* LDR_AppApp.swift in Sources */ = {isa = PBXBuildFile; fileRef = 57B2097E2A37EB8000704BDC /* LDR_AppApp.swift */; };
		57B209812A37EB8000704BDC /* SignUpScreen.swift in Sources */ = {isa = PBXBuildFile; fileRef = 57B209802A37EB8000704BDC /* SignUpScreen.swift */; };
		57B209832A37EB8300704BDC /* Assets.xcassets in Resources */ = {isa = PBXBuildFile; fileRef = 57B209822A37EB8300704BDC /* Assets.xcassets */; };
		57B209862A37EB8300704BDC /* Preview Assets.xcassets in Resources */ = {isa = PBXBuildFile; fileRef = 57B209852A37EB8300704BDC /* Preview Assets.xcassets */; };
		57B209902A37EB8300704BDC /* LDR_AppTests.swift in Sources */ = {isa = PBXBuildFile; fileRef = 57B2098F2A37EB8300704BDC /* LDR_AppTests.swift */; };
		57B2099A2A37EB8300704BDC /* LDR_AppUITests.swift in Sources */ = {isa = PBXBuildFile; fileRef = 57B209992A37EB8300704BDC /* LDR_AppUITests.swift */; };
		57B2099C2A37EB8300704BDC /* LDR_AppUITestsLaunchTests.swift in Sources */ = {isa = PBXBuildFile; fileRef = 57B2099B2A37EB8300704BDC /* LDR_AppUITestsLaunchTests.swift */; };
		57B6FE632A4548E200A64190 /* FirebaseAnalytics in Frameworks */ = {isa = PBXBuildFile; productRef = 57B6FE622A4548E200A64190 /* FirebaseAnalytics */; };
		57B6FE652A4548E200A64190 /* FirebaseAuth in Frameworks */ = {isa = PBXBuildFile; productRef = 57B6FE642A4548E200A64190 /* FirebaseAuth */; };
		57B6FE672A4548E200A64190 /* FirebaseFirestore in Frameworks */ = {isa = PBXBuildFile; productRef = 57B6FE662A4548E200A64190 /* FirebaseFirestore */; };
		57B6FE692A4548E200A64190 /* FirebaseFirestoreSwift in Frameworks */ = {isa = PBXBuildFile; productRef = 57B6FE682A4548E200A64190 /* FirebaseFirestoreSwift */; };
		57B6FE6B2A4548E200A64190 /* FirebaseStorage in Frameworks */ = {isa = PBXBuildFile; productRef = 57B6FE6A2A4548E200A64190 /* FirebaseStorage */; };
		57B6FE6E2A454B4200A64190 /* SWCodeField in Frameworks */ = {isa = PBXBuildFile; productRef = 57B6FE6D2A454B4200A64190 /* SWCodeField */; };
		57B6FE702A462CFC00A64190 /* CodeInputScreen.swift in Sources */ = {isa = PBXBuildFile; fileRef = 57B6FE6F2A462CFC00A64190 /* CodeInputScreen.swift */; };
		57B6FE722A49E1CE00A64190 /* MainApp.swift in Sources */ = {isa = PBXBuildFile; fileRef = 57B6FE712A49E1CE00A64190 /* MainApp.swift */; };
		57B6FE762A4A776900A64190 /* GoalCardView.swift in Sources */ = {isa = PBXBuildFile; fileRef = 57B6FE752A4A776900A64190 /* GoalCardView.swift */; };
		57F6FE162A3D46B700D21281 /* OnboardingPagesModel.swift in Sources */ = {isa = PBXBuildFile; fileRef = 57F6FE152A3D46B700D21281 /* OnboardingPagesModel.swift */; };
		57F6FE192A3D470000D21281 /* OnboardingPageModelView.swift in Sources */ = {isa = PBXBuildFile; fileRef = 57F6FE182A3D470000D21281 /* OnboardingPageModelView.swift */; };
		57F6FE1D2A3D476500D21281 /* ButtonStyles.swift in Sources */ = {isa = PBXBuildFile; fileRef = 57F6FE1C2A3D476500D21281 /* ButtonStyles.swift */; };
		57F6FE1F2A3D478100D21281 /* Theme.swift in Sources */ = {isa = PBXBuildFile; fileRef = 57F6FE1E2A3D478100D21281 /* Theme.swift */; };
		57F6FE222A3D480F00D21281 /* Tab View Modifiers.swift in Sources */ = {isa = PBXBuildFile; fileRef = 57F6FE212A3D480F00D21281 /* Tab View Modifiers.swift */; };
		57F6FE242A3D488B00D21281 /* OnboardingScreen.swift in Sources */ = {isa = PBXBuildFile; fileRef = 57F6FE232A3D488A00D21281 /* OnboardingScreen.swift */; };
		57F6FE2D2A3F5C4400D21281 /* TextInputField.swift in Sources */ = {isa = PBXBuildFile; fileRef = 57F6FE2C2A3F5C4400D21281 /* TextInputField.swift */; };
		57F6FE2F2A3F658400D21281 /* SecureTextInputField.swift in Sources */ = {isa = PBXBuildFile; fileRef = 57F6FE2E2A3F658400D21281 /* SecureTextInputField.swift */; };
		57F6FE332A3FABCA00D21281 /* AuthManager.swift in Sources */ = {isa = PBXBuildFile; fileRef = 57F6FE322A3FABCA00D21281 /* AuthManager.swift */; };
/* End PBXBuildFile section */

/* Begin PBXContainerItemProxy section */
		57B2098C2A37EB8300704BDC /* PBXContainerItemProxy */ = {
			isa = PBXContainerItemProxy;
			containerPortal = 57B209732A37EB8000704BDC /* Project object */;
			proxyType = 1;
			remoteGlobalIDString = 57B2097A2A37EB8000704BDC;
			remoteInfo = "LDR App";
		};
		57B209962A37EB8300704BDC /* PBXContainerItemProxy */ = {
			isa = PBXContainerItemProxy;
			containerPortal = 57B209732A37EB8000704BDC /* Project object */;
			proxyType = 1;
			remoteGlobalIDString = 57B2097A2A37EB8000704BDC;
			remoteInfo = "LDR App";
		};
/* End PBXContainerItemProxy section */

/* Begin PBXFileReference section */
		573166A62A415AC20051F7D5 /* User.swift */ = {isa = PBXFileReference; lastKnownFileType = sourcecode.swift; path = User.swift; sourceTree = "<group>"; };
		573166AA2A4217470051F7D5 /* InvitePartnerScreen.swift */ = {isa = PBXFileReference; lastKnownFileType = sourcecode.swift; path = InvitePartnerScreen.swift; sourceTree = "<group>"; };
		573166AC2A426EDD0051F7D5 /* SignuporLoginScreen.swift */ = {isa = PBXFileReference; lastKnownFileType = sourcecode.swift; path = SignuporLoginScreen.swift; sourceTree = "<group>"; };
		573166AE2A4272350051F7D5 /* LoginScreen.swift */ = {isa = PBXFileReference; lastKnownFileType = sourcecode.swift; path = LoginScreen.swift; sourceTree = "<group>"; };
		573166B32A42AF970051F7D5 /* MainContent.swift */ = {isa = PBXFileReference; lastKnownFileType = sourcecode.swift; path = MainContent.swift; sourceTree = "<group>"; };
		573166B52A43786E0051F7D5 /* AppState.swift */ = {isa = PBXFileReference; lastKnownFileType = sourcecode.swift; path = AppState.swift; sourceTree = "<group>"; };
		573166B72A43D8F20051F7D5 /* HavePartner.swift */ = {isa = PBXFileReference; lastKnownFileType = sourcecode.swift; path = HavePartner.swift; sourceTree = "<group>"; };
		573166BB2A44BB9B0051F7D5 /* InviteCodeDisplayScreen.swift */ = {isa = PBXFileReference; lastKnownFileType = sourcecode.swift; path = InviteCodeDisplayScreen.swift; sourceTree = "<group>"; };
		573166BF2A44DAAC0051F7D5 /* InviteCodeBox.swift */ = {isa = PBXFileReference; lastKnownFileType = sourcecode.swift; path = InviteCodeBox.swift; sourceTree = "<group>"; };
		573166C12A451F110051F7D5 /* codeInputField.swift */ = {isa = PBXFileReference; lastKnownFileType = sourcecode.swift; path = codeInputField.swift; sourceTree = "<group>"; };
		57535AA72A4B5B2E0013D044 /* HomeScreen.swift */ = {isa = PBXFileReference; lastKnownFileType = sourcecode.swift; path = HomeScreen.swift; sourceTree = "<group>"; };
		57535AAA2A4B5D5C0013D044 /* GoalCardModel.swift */ = {isa = PBXFileReference; lastKnownFileType = sourcecode.swift; path = GoalCardModel.swift; sourceTree = "<group>"; };
		57535AAD2A4C7D1B0013D044 /* CalendarView.swift */ = {isa = PBXFileReference; lastKnownFileType = sourcecode.swift; path = CalendarView.swift; sourceTree = "<group>"; };
		57535AAF2A4C7F580013D044 /* CalendarScreen.swift */ = {isa = PBXFileReference; lastKnownFileType = sourcecode.swift; path = CalendarScreen.swift; sourceTree = "<group>"; };
		57539F782A380BAE0030FFBA /* GoogleService-Info.plist */ = {isa = PBXFileReference; fileEncoding = 4; lastKnownFileType = text.plist.xml; path = "GoogleService-Info.plist"; sourceTree = "<group>"; };
		5767F8992A4F8B4200AD3FAC /* SF-Pro-Display-MediumItalic.otf */ = {isa = PBXFileReference; lastKnownFileType = file; path = "SF-Pro-Display-MediumItalic.otf"; sourceTree = "<group>"; };
		5767F89A2A4F8B4200AD3FAC /* SF-Pro-Display-RegularItalic.otf */ = {isa = PBXFileReference; lastKnownFileType = file; path = "SF-Pro-Display-RegularItalic.otf"; sourceTree = "<group>"; };
		5767F89B2A4F8B4200AD3FAC /* SF-Pro-Display-Black.otf */ = {isa = PBXFileReference; lastKnownFileType = file; path = "SF-Pro-Display-Black.otf"; sourceTree = "<group>"; };
		5767F89C2A4F8B4200AD3FAC /* SF-Pro-Display-Semibold.otf */ = {isa = PBXFileReference; lastKnownFileType = file; path = "SF-Pro-Display-Semibold.otf"; sourceTree = "<group>"; };
		5767F89D2A4F8B4300AD3FAC /* SF-Pro-Display-BlackItalic.otf */ = {isa = PBXFileReference; lastKnownFileType = file; path = "SF-Pro-Display-BlackItalic.otf"; sourceTree = "<group>"; };
		5767F89E2A4F8B4300AD3FAC /* SF-Pro-Display-SemiboldItalic.otf */ = {isa = PBXFileReference; lastKnownFileType = file; path = "SF-Pro-Display-SemiboldItalic.otf"; sourceTree = "<group>"; };
		5767F89F2A4F8B4300AD3FAC /* SF-Pro-Display-BoldItalic.otf */ = {isa = PBXFileReference; lastKnownFileType = file; path = "SF-Pro-Display-BoldItalic.otf"; sourceTree = "<group>"; };
		5767F8A02A4F8B4300AD3FAC /* SF-Pro-Display-UltralightItalic.otf */ = {isa = PBXFileReference; lastKnownFileType = file; path = "SF-Pro-Display-UltralightItalic.otf"; sourceTree = "<group>"; };
		5767F8A12A4F8B4400AD3FAC /* SF-Pro-Display-Regular.otf */ = {isa = PBXFileReference; lastKnownFileType = file; path = "SF-Pro-Display-Regular.otf"; sourceTree = "<group>"; };
		5767F8A22A4F8B4400AD3FAC /* SF-Pro-Display-Thin.otf */ = {isa = PBXFileReference; lastKnownFileType = file; path = "SF-Pro-Display-Thin.otf"; sourceTree = "<group>"; };
		5767F8A32A4F8B4400AD3FAC /* SF-Pro-Display-Medium.otf */ = {isa = PBXFileReference; lastKnownFileType = file; path = "SF-Pro-Display-Medium.otf"; sourceTree = "<group>"; };
		5767F8A42A4F8B4400AD3FAC /* SF-Pro-Display-LightItalic.otf */ = {isa = PBXFileReference; lastKnownFileType = file; path = "SF-Pro-Display-LightItalic.otf"; sourceTree = "<group>"; };
		5767F8A52A4F8B4500AD3FAC /* SF-Pro-Display-ThinItalic.otf */ = {isa = PBXFileReference; lastKnownFileType = file; path = "SF-Pro-Display-ThinItalic.otf"; sourceTree = "<group>"; };
		5767F8A62A4F8B4500AD3FAC /* SF-Pro-Display-Bold.otf */ = {isa = PBXFileReference; lastKnownFileType = file; path = "SF-Pro-Display-Bold.otf"; sourceTree = "<group>"; };
		5767F8A72A4F8B4500AD3FAC /* SF-Pro-Display-HeavyItalic.otf */ = {isa = PBXFileReference; lastKnownFileType = file; path = "SF-Pro-Display-HeavyItalic.otf"; sourceTree = "<group>"; };
		5767F8A82A4F8B4500AD3FAC /* SF-Pro-Display-Ultralight.otf */ = {isa = PBXFileReference; lastKnownFileType = file; path = "SF-Pro-Display-Ultralight.otf"; sourceTree = "<group>"; };
		5767F8A92A4F8B4600AD3FAC /* SF-Pro-Display-Heavy.otf */ = {isa = PBXFileReference; lastKnownFileType = file; path = "SF-Pro-Display-Heavy.otf"; sourceTree = "<group>"; };
		5767F8AA2A4F8B4600AD3FAC /* SF-Pro-Display-Light.otf */ = {isa = PBXFileReference; lastKnownFileType = file; path = "SF-Pro-Display-Light.otf"; sourceTree = "<group>"; };
		5767F8BD2A4F8B7E00AD3FAC /* LDR-App-Info.plist */ = {isa = PBXFileReference; lastKnownFileType = text.plist; path = "LDR-App-Info.plist"; sourceTree = SOURCE_ROOT; };
		5767F8BE2A50813600AD3FAC /* GoalCardModelView.swift */ = {isa = PBXFileReference; lastKnownFileType = sourcecode.swift; path = GoalCardModelView.swift; sourceTree = "<group>"; };
		5767F8C02A52279400AD3FAC /* DataManager.swift */ = {isa = PBXFileReference; lastKnownFileType = sourcecode.swift; path = DataManager.swift; sourceTree = "<group>"; };
		5767F8C22A53358F00AD3FAC /* AddNewGoalCard.swift */ = {isa = PBXFileReference; lastKnownFileType = sourcecode.swift; path = AddNewGoalCard.swift; sourceTree = "<group>"; };
		57B2097B2A37EB8000704BDC /* LDR App.app */ = {isa = PBXFileReference; explicitFileType = wrapper.application; includeInIndex = 0; path = "LDR App.app"; sourceTree = BUILT_PRODUCTS_DIR; };
		57B2097E2A37EB8000704BDC /* LDR_AppApp.swift */ = {isa = PBXFileReference; lastKnownFileType = sourcecode.swift; path = LDR_AppApp.swift; sourceTree = "<group>"; };
		57B209802A37EB8000704BDC /* SignUpScreen.swift */ = {isa = PBXFileReference; lastKnownFileType = sourcecode.swift; path = SignUpScreen.swift; sourceTree = "<group>"; };
		57B209822A37EB8300704BDC /* Assets.xcassets */ = {isa = PBXFileReference; lastKnownFileType = folder.assetcatalog; path = Assets.xcassets; sourceTree = "<group>"; };
		57B209852A37EB8300704BDC /* Preview Assets.xcassets */ = {isa = PBXFileReference; lastKnownFileType = folder.assetcatalog; path = "Preview Assets.xcassets"; sourceTree = "<group>"; };
		57B2098B2A37EB8300704BDC /* LDR AppTests.xctest */ = {isa = PBXFileReference; explicitFileType = wrapper.cfbundle; includeInIndex = 0; path = "LDR AppTests.xctest"; sourceTree = BUILT_PRODUCTS_DIR; };
		57B2098F2A37EB8300704BDC /* LDR_AppTests.swift */ = {isa = PBXFileReference; lastKnownFileType = sourcecode.swift; path = LDR_AppTests.swift; sourceTree = "<group>"; };
		57B209952A37EB8300704BDC /* LDR AppUITests.xctest */ = {isa = PBXFileReference; explicitFileType = wrapper.cfbundle; includeInIndex = 0; path = "LDR AppUITests.xctest"; sourceTree = BUILT_PRODUCTS_DIR; };
		57B209992A37EB8300704BDC /* LDR_AppUITests.swift */ = {isa = PBXFileReference; lastKnownFileType = sourcecode.swift; path = LDR_AppUITests.swift; sourceTree = "<group>"; };
		57B2099B2A37EB8300704BDC /* LDR_AppUITestsLaunchTests.swift */ = {isa = PBXFileReference; lastKnownFileType = sourcecode.swift; path = LDR_AppUITestsLaunchTests.swift; sourceTree = "<group>"; };
		57B6FE6F2A462CFC00A64190 /* CodeInputScreen.swift */ = {isa = PBXFileReference; lastKnownFileType = sourcecode.swift; path = CodeInputScreen.swift; sourceTree = "<group>"; };
		57B6FE712A49E1CE00A64190 /* MainApp.swift */ = {isa = PBXFileReference; lastKnownFileType = sourcecode.swift; path = MainApp.swift; sourceTree = "<group>"; };
		57B6FE752A4A776900A64190 /* GoalCardView.swift */ = {isa = PBXFileReference; lastKnownFileType = sourcecode.swift; path = GoalCardView.swift; sourceTree = "<group>"; };
		57F6FE152A3D46B700D21281 /* OnboardingPagesModel.swift */ = {isa = PBXFileReference; lastKnownFileType = sourcecode.swift; path = OnboardingPagesModel.swift; sourceTree = "<group>"; };
		57F6FE182A3D470000D21281 /* OnboardingPageModelView.swift */ = {isa = PBXFileReference; lastKnownFileType = sourcecode.swift; path = OnboardingPageModelView.swift; sourceTree = "<group>"; };
		57F6FE1C2A3D476500D21281 /* ButtonStyles.swift */ = {isa = PBXFileReference; lastKnownFileType = sourcecode.swift; path = ButtonStyles.swift; sourceTree = "<group>"; };
		57F6FE1E2A3D478100D21281 /* Theme.swift */ = {isa = PBXFileReference; lastKnownFileType = sourcecode.swift; path = Theme.swift; sourceTree = "<group>"; };
		57F6FE212A3D480F00D21281 /* Tab View Modifiers.swift */ = {isa = PBXFileReference; lastKnownFileType = sourcecode.swift; path = "Tab View Modifiers.swift"; sourceTree = "<group>"; };
		57F6FE232A3D488A00D21281 /* OnboardingScreen.swift */ = {isa = PBXFileReference; lastKnownFileType = sourcecode.swift; path = OnboardingScreen.swift; sourceTree = "<group>"; };
		57F6FE2C2A3F5C4400D21281 /* TextInputField.swift */ = {isa = PBXFileReference; lastKnownFileType = sourcecode.swift; path = TextInputField.swift; sourceTree = "<group>"; };
		57F6FE2E2A3F658400D21281 /* SecureTextInputField.swift */ = {isa = PBXFileReference; lastKnownFileType = sourcecode.swift; path = SecureTextInputField.swift; sourceTree = "<group>"; };
		57F6FE322A3FABCA00D21281 /* AuthManager.swift */ = {isa = PBXFileReference; lastKnownFileType = sourcecode.swift; path = AuthManager.swift; sourceTree = "<group>"; };
/* End PBXFileReference section */

/* Begin PBXFrameworksBuildPhase section */
		57B209782A37EB8000704BDC /* Frameworks */ = {
			isa = PBXFrameworksBuildPhase;
			buildActionMask = 2147483647;
			files = (
				57B6FE6E2A454B4200A64190 /* SWCodeField in Frameworks */,
				57B6FE632A4548E200A64190 /* FirebaseAnalytics in Frameworks */,
				57B6FE652A4548E200A64190 /* FirebaseAuth in Frameworks */,
				5772F0372A55FC0000A000E0 /* SwipeActions in Frameworks */,
				57B6FE672A4548E200A64190 /* FirebaseFirestore in Frameworks */,
				57B6FE6B2A4548E200A64190 /* FirebaseStorage in Frameworks */,
				57B6FE692A4548E200A64190 /* FirebaseFirestoreSwift in Frameworks */,
			);
			runOnlyForDeploymentPostprocessing = 0;
		};
		57B209882A37EB8300704BDC /* Frameworks */ = {
			isa = PBXFrameworksBuildPhase;
			buildActionMask = 2147483647;
			files = (
			);
			runOnlyForDeploymentPostprocessing = 0;
		};
		57B209922A37EB8300704BDC /* Frameworks */ = {
			isa = PBXFrameworksBuildPhase;
			buildActionMask = 2147483647;
			files = (
			);
			runOnlyForDeploymentPostprocessing = 0;
		};
/* End PBXFrameworksBuildPhase section */

/* Begin PBXGroup section */
		573166A82A42168D0051F7D5 /* IntroSlideScreens */ = {
			isa = PBXGroup;
			children = (
				57F6FE182A3D470000D21281 /* OnboardingPageModelView.swift */,
				57F6FE232A3D488A00D21281 /* OnboardingScreen.swift */,
			);
			path = IntroSlideScreens;
			sourceTree = "<group>";
		};
		573166A92A4216B10051F7D5 /* InvitePartner */ = {
			isa = PBXGroup;
			children = (
				573166AA2A4217470051F7D5 /* InvitePartnerScreen.swift */,
				573166B72A43D8F20051F7D5 /* HavePartner.swift */,
				573166BB2A44BB9B0051F7D5 /* InviteCodeDisplayScreen.swift */,
				573166BF2A44DAAC0051F7D5 /* InviteCodeBox.swift */,
				57B6FE6F2A462CFC00A64190 /* CodeInputScreen.swift */,
			);
			path = InvitePartner;
			sourceTree = "<group>";
		};
		573166B22A42AF830051F7D5 /* Main Content View */ = {
			isa = PBXGroup;
			children = (
				573166B32A42AF970051F7D5 /* MainContent.swift */,
			);
			path = "Main Content View";
			sourceTree = "<group>";
		};
		57535AA92A4B5D390013D044 /* Card */ = {
			isa = PBXGroup;
			children = (
				57B6FE752A4A776900A64190 /* GoalCardView.swift */,
				57535AAA2A4B5D5C0013D044 /* GoalCardModel.swift */,
				5767F8BE2A50813600AD3FAC /* GoalCardModelView.swift */,
				5767F8C22A53358F00AD3FAC /* AddNewGoalCard.swift */,
			);
			path = Card;
			sourceTree = "<group>";
		};
		57535AAC2A4C7CFD0013D044 /* CalendarView */ = {
			isa = PBXGroup;
			children = (
				57535AAD2A4C7D1B0013D044 /* CalendarView.swift */,
				57535AAF2A4C7F580013D044 /* CalendarScreen.swift */,
			);
			path = CalendarView;
			sourceTree = "<group>";
		};
		5767F8982A4F8ACA00AD3FAC /* Fonts */ = {
			isa = PBXGroup;
			children = (
				5767F89B2A4F8B4200AD3FAC /* SF-Pro-Display-Black.otf */,
				5767F89D2A4F8B4300AD3FAC /* SF-Pro-Display-BlackItalic.otf */,
				5767F8A62A4F8B4500AD3FAC /* SF-Pro-Display-Bold.otf */,
				5767F89F2A4F8B4300AD3FAC /* SF-Pro-Display-BoldItalic.otf */,
				5767F8A92A4F8B4600AD3FAC /* SF-Pro-Display-Heavy.otf */,
				5767F8A72A4F8B4500AD3FAC /* SF-Pro-Display-HeavyItalic.otf */,
				5767F8AA2A4F8B4600AD3FAC /* SF-Pro-Display-Light.otf */,
				5767F8A42A4F8B4400AD3FAC /* SF-Pro-Display-LightItalic.otf */,
				5767F8A32A4F8B4400AD3FAC /* SF-Pro-Display-Medium.otf */,
				5767F8992A4F8B4200AD3FAC /* SF-Pro-Display-MediumItalic.otf */,
				5767F8A12A4F8B4400AD3FAC /* SF-Pro-Display-Regular.otf */,
				5767F89A2A4F8B4200AD3FAC /* SF-Pro-Display-RegularItalic.otf */,
				5767F89C2A4F8B4200AD3FAC /* SF-Pro-Display-Semibold.otf */,
				5767F89E2A4F8B4300AD3FAC /* SF-Pro-Display-SemiboldItalic.otf */,
				5767F8A22A4F8B4400AD3FAC /* SF-Pro-Display-Thin.otf */,
				5767F8A52A4F8B4500AD3FAC /* SF-Pro-Display-ThinItalic.otf */,
				5767F8A82A4F8B4500AD3FAC /* SF-Pro-Display-Ultralight.otf */,
				5767F8A02A4F8B4300AD3FAC /* SF-Pro-Display-UltralightItalic.otf */,
			);
			path = Fonts;
			sourceTree = "<group>";
		};
		57B209722A37EB8000704BDC = {
			isa = PBXGroup;
			children = (
				57B2097D2A37EB8000704BDC /* LDR App */,
				57B2098E2A37EB8300704BDC /* LDR AppTests */,
				57B209982A37EB8300704BDC /* LDR AppUITests */,
				57B2097C2A37EB8000704BDC /* Products */,
				57F6FE342A3FB7B400D21281 /* Frameworks */,
			);
			sourceTree = "<group>";
		};
		57B2097C2A37EB8000704BDC /* Products */ = {
			isa = PBXGroup;
			children = (
				57B2097B2A37EB8000704BDC /* LDR App.app */,
				57B2098B2A37EB8300704BDC /* LDR AppTests.xctest */,
				57B209952A37EB8300704BDC /* LDR AppUITests.xctest */,
			);
			name = Products;
			sourceTree = "<group>";
		};
		57B2097D2A37EB8000704BDC /* LDR App */ = {
			isa = PBXGroup;
			children = (
				5767F8BD2A4F8B7E00AD3FAC /* LDR-App-Info.plist */,
				5767F8982A4F8ACA00AD3FAC /* Fonts */,
				57F6FE302A3FAA6700D21281 /* Services */,
				57F6FE292A3E011B00D21281 /* Custom Components */,
				57F6FE122A3D466100D21281 /* Styling */,
				57F6FE112A3D465600D21281 /* Models */,
				57F6FE102A3D464E00D21281 /* Screens */,
				57B2097E2A37EB8000704BDC /* LDR_AppApp.swift */,
				57539F782A380BAE0030FFBA /* GoogleService-Info.plist */,
				57B209822A37EB8300704BDC /* Assets.xcassets */,
				57B209842A37EB8300704BDC /* Preview Content */,
			);
			path = "LDR App";
			sourceTree = "<group>";
		};
		57B209842A37EB8300704BDC /* Preview Content */ = {
			isa = PBXGroup;
			children = (
				57B209852A37EB8300704BDC /* Preview Assets.xcassets */,
			);
			path = "Preview Content";
			sourceTree = "<group>";
		};
		57B2098E2A37EB8300704BDC /* LDR AppTests */ = {
			isa = PBXGroup;
			children = (
				57B2098F2A37EB8300704BDC /* LDR_AppTests.swift */,
			);
			path = "LDR AppTests";
			sourceTree = "<group>";
		};
		57B209982A37EB8300704BDC /* LDR AppUITests */ = {
			isa = PBXGroup;
			children = (
				57B209992A37EB8300704BDC /* LDR_AppUITests.swift */,
				57B2099B2A37EB8300704BDC /* LDR_AppUITestsLaunchTests.swift */,
			);
			path = "LDR AppUITests";
			sourceTree = "<group>";
		};
		57B6FE732A4A6D6E00A64190 /* Main App */ = {
			isa = PBXGroup;
			children = (
				57535AAC2A4C7CFD0013D044 /* CalendarView */,
				57B6FE742A4A774D00A64190 /* Home */,
				57B6FE712A49E1CE00A64190 /* MainApp.swift */,
			);
			path = "Main App";
			sourceTree = "<group>";
		};
		57B6FE742A4A774D00A64190 /* Home */ = {
			isa = PBXGroup;
			children = (
				57535AA92A4B5D390013D044 /* Card */,
				57535AA72A4B5B2E0013D044 /* HomeScreen.swift */,
			);
			path = Home;
			sourceTree = "<group>";
		};
		57F6FE102A3D464E00D21281 /* Screens */ = {
			isa = PBXGroup;
			children = (
				573166B22A42AF830051F7D5 /* Main Content View */,
				57F6FE172A3D46CB00D21281 /* Onboarding */,
				57B6FE732A4A6D6E00A64190 /* Main App */,
			);
			path = Screens;
			sourceTree = "<group>";
		};
		57F6FE112A3D465600D21281 /* Models */ = {
			isa = PBXGroup;
			children = (
				57F6FE142A3D468E00D21281 /* PageModels */,
				573166A62A415AC20051F7D5 /* User.swift */,
				573166B52A43786E0051F7D5 /* AppState.swift */,
			);
			path = Models;
			sourceTree = "<group>";
		};
		57F6FE122A3D466100D21281 /* Styling */ = {
			isa = PBXGroup;
			children = (
				57F6FE202A3D47ED00D21281 /* Custom View Modifiers */,
				57F6FE1B2A3D473200D21281 /* Component Styling */,
				57F6FE132A3D466E00D21281 /* Fonts */,
				57F6FE1E2A3D478100D21281 /* Theme.swift */,
			);
			path = Styling;
			sourceTree = "<group>";
		};
		57F6FE132A3D466E00D21281 /* Fonts */ = {
			isa = PBXGroup;
			children = (
			);
			path = Fonts;
			sourceTree = "<group>";
		};
		57F6FE142A3D468E00D21281 /* PageModels */ = {
			isa = PBXGroup;
			children = (
				57F6FE152A3D46B700D21281 /* OnboardingPagesModel.swift */,
			);
			path = PageModels;
			sourceTree = "<group>";
		};
		57F6FE172A3D46CB00D21281 /* Onboarding */ = {
			isa = PBXGroup;
			children = (
				573166A92A4216B10051F7D5 /* InvitePartner */,
				57F6FE252A3D49F300D21281 /* Sign up or in */,
				573166A82A42168D0051F7D5 /* IntroSlideScreens */,
			);
			path = Onboarding;
			sourceTree = "<group>";
		};
		57F6FE1B2A3D473200D21281 /* Component Styling */ = {
			isa = PBXGroup;
			children = (
				57F6FE1C2A3D476500D21281 /* ButtonStyles.swift */,
			);
			path = "Component Styling";
			sourceTree = "<group>";
		};
		57F6FE202A3D47ED00D21281 /* Custom View Modifiers */ = {
			isa = PBXGroup;
			children = (
				57F6FE212A3D480F00D21281 /* Tab View Modifiers.swift */,
			);
			path = "Custom View Modifiers";
			sourceTree = "<group>";
		};
		57F6FE252A3D49F300D21281 /* Sign up or in */ = {
			isa = PBXGroup;
			children = (
				57B209802A37EB8000704BDC /* SignUpScreen.swift */,
				573166AC2A426EDD0051F7D5 /* SignuporLoginScreen.swift */,
				573166AE2A4272350051F7D5 /* LoginScreen.swift */,
			);
			path = "Sign up or in";
			sourceTree = "<group>";
		};
		57F6FE292A3E011B00D21281 /* Custom Components */ = {
			isa = PBXGroup;
			children = (
				57F6FE2C2A3F5C4400D21281 /* TextInputField.swift */,
				57F6FE2E2A3F658400D21281 /* SecureTextInputField.swift */,
				573166C12A451F110051F7D5 /* codeInputField.swift */,
			);
			path = "Custom Components";
			sourceTree = "<group>";
		};
		57F6FE302A3FAA6700D21281 /* Services */ = {
			isa = PBXGroup;
			children = (
				57F6FE312A3FABAD00D21281 /* Firebase */,
			);
			path = Services;
			sourceTree = "<group>";
		};
		57F6FE312A3FABAD00D21281 /* Firebase */ = {
			isa = PBXGroup;
			children = (
				57F6FE322A3FABCA00D21281 /* AuthManager.swift */,
				5767F8C02A52279400AD3FAC /* DataManager.swift */,
			);
			path = Firebase;
			sourceTree = "<group>";
		};
		57F6FE342A3FB7B400D21281 /* Frameworks */ = {
			isa = PBXGroup;
			children = (
			);
			name = Frameworks;
			sourceTree = "<group>";
		};
/* End PBXGroup section */

/* Begin PBXNativeTarget section */
		57B2097A2A37EB8000704BDC /* LDR App */ = {
			isa = PBXNativeTarget;
			buildConfigurationList = 57B2099F2A37EB8300704BDC /* Build configuration list for PBXNativeTarget "LDR App" */;
			buildPhases = (
				57B209772A37EB8000704BDC /* Sources */,
				57B209782A37EB8000704BDC /* Frameworks */,
				57B209792A37EB8000704BDC /* Resources */,
			);
			buildRules = (
			);
			dependencies = (
			);
			name = "LDR App";
			packageProductDependencies = (
				57B6FE622A4548E200A64190 /* FirebaseAnalytics */,
				57B6FE642A4548E200A64190 /* FirebaseAuth */,
				57B6FE662A4548E200A64190 /* FirebaseFirestore */,
				57B6FE682A4548E200A64190 /* FirebaseFirestoreSwift */,
				57B6FE6A2A4548E200A64190 /* FirebaseStorage */,
				57B6FE6D2A454B4200A64190 /* SWCodeField */,
				5772F0362A55FC0000A000E0 /* SwipeActions */,
			);
			productName = "LDR App";
			productReference = 57B2097B2A37EB8000704BDC /* LDR App.app */;
			productType = "com.apple.product-type.application";
		};
		57B2098A2A37EB8300704BDC /* LDR AppTests */ = {
			isa = PBXNativeTarget;
			buildConfigurationList = 57B209A22A37EB8300704BDC /* Build configuration list for PBXNativeTarget "LDR AppTests" */;
			buildPhases = (
				57B209872A37EB8300704BDC /* Sources */,
				57B209882A37EB8300704BDC /* Frameworks */,
				57B209892A37EB8300704BDC /* Resources */,
			);
			buildRules = (
			);
			dependencies = (
				57B2098D2A37EB8300704BDC /* PBXTargetDependency */,
			);
			name = "LDR AppTests";
			productName = "LDR AppTests";
			productReference = 57B2098B2A37EB8300704BDC /* LDR AppTests.xctest */;
			productType = "com.apple.product-type.bundle.unit-test";
		};
		57B209942A37EB8300704BDC /* LDR AppUITests */ = {
			isa = PBXNativeTarget;
			buildConfigurationList = 57B209A52A37EB8300704BDC /* Build configuration list for PBXNativeTarget "LDR AppUITests" */;
			buildPhases = (
				57B209912A37EB8300704BDC /* Sources */,
				57B209922A37EB8300704BDC /* Frameworks */,
				57B209932A37EB8300704BDC /* Resources */,
			);
			buildRules = (
			);
			dependencies = (
				57B209972A37EB8300704BDC /* PBXTargetDependency */,
			);
			name = "LDR AppUITests";
			productName = "LDR AppUITests";
			productReference = 57B209952A37EB8300704BDC /* LDR AppUITests.xctest */;
			productType = "com.apple.product-type.bundle.ui-testing";
		};
/* End PBXNativeTarget section */

/* Begin PBXProject section */
		57B209732A37EB8000704BDC /* Project object */ = {
			isa = PBXProject;
			attributes = {
				BuildIndependentTargetsInParallel = 1;
				LastSwiftUpdateCheck = 1430;
				LastUpgradeCheck = 1430;
				TargetAttributes = {
					57B2097A2A37EB8000704BDC = {
						CreatedOnToolsVersion = 14.3;
					};
					57B2098A2A37EB8300704BDC = {
						CreatedOnToolsVersion = 14.3;
						TestTargetID = 57B2097A2A37EB8000704BDC;
					};
					57B209942A37EB8300704BDC = {
						CreatedOnToolsVersion = 14.3;
						TestTargetID = 57B2097A2A37EB8000704BDC;
					};
				};
			};
			buildConfigurationList = 57B209762A37EB8000704BDC /* Build configuration list for PBXProject "LDR App" */;
			compatibilityVersion = "Xcode 14.0";
			developmentRegion = en;
			hasScannedForEncodings = 0;
			knownRegions = (
				en,
				Base,
			);
			mainGroup = 57B209722A37EB8000704BDC;
			packageReferences = (
				57B6FE612A4548E200A64190 /* XCRemoteSwiftPackageReference "firebase-ios-sdk" */,
				57B6FE6C2A454B4200A64190 /* XCRemoteSwiftPackageReference "SWCodeField" */,
				5772F0352A55FC0000A000E0 /* XCRemoteSwiftPackageReference "SwipeActions" */,
			);
			productRefGroup = 57B2097C2A37EB8000704BDC /* Products */;
			projectDirPath = "";
			projectRoot = "";
			targets = (
				57B2097A2A37EB8000704BDC /* LDR App */,
				57B2098A2A37EB8300704BDC /* LDR AppTests */,
				57B209942A37EB8300704BDC /* LDR AppUITests */,
			);
		};
/* End PBXProject section */

/* Begin PBXResourcesBuildPhase section */
		57B209792A37EB8000704BDC /* Resources */ = {
			isa = PBXResourcesBuildPhase;
			buildActionMask = 2147483647;
			files = (
				5767F8B12A4F8B4600AD3FAC /* SF-Pro-Display-BoldItalic.otf in Resources */,
				5767F8AB2A4F8B4600AD3FAC /* SF-Pro-Display-MediumItalic.otf in Resources */,
				5767F8B62A4F8B4600AD3FAC /* SF-Pro-Display-LightItalic.otf in Resources */,
				57B209862A37EB8300704BDC /* Preview Assets.xcassets in Resources */,
				5767F8B72A4F8B4600AD3FAC /* SF-Pro-Display-ThinItalic.otf in Resources */,
				57B209832A37EB8300704BDC /* Assets.xcassets in Resources */,
				5767F8BA2A4F8B4600AD3FAC /* SF-Pro-Display-Ultralight.otf in Resources */,
				5767F8BC2A4F8B4600AD3FAC /* SF-Pro-Display-Light.otf in Resources */,
				5767F8AE2A4F8B4600AD3FAC /* SF-Pro-Display-Semibold.otf in Resources */,
				5767F8B92A4F8B4600AD3FAC /* SF-Pro-Display-HeavyItalic.otf in Resources */,
				5767F8AC2A4F8B4600AD3FAC /* SF-Pro-Display-RegularItalic.otf in Resources */,
				5767F8B52A4F8B4600AD3FAC /* SF-Pro-Display-Medium.otf in Resources */,
				5767F8BB2A4F8B4600AD3FAC /* SF-Pro-Display-Heavy.otf in Resources */,
				5767F8B42A4F8B4600AD3FAC /* SF-Pro-Display-Thin.otf in Resources */,
				5767F8B02A4F8B4600AD3FAC /* SF-Pro-Display-SemiboldItalic.otf in Resources */,
				5767F8B22A4F8B4600AD3FAC /* SF-Pro-Display-UltralightItalic.otf in Resources */,
				57539F792A380BAE0030FFBA /* GoogleService-Info.plist in Resources */,
				5767F8AD2A4F8B4600AD3FAC /* SF-Pro-Display-Black.otf in Resources */,
				5767F8B82A4F8B4600AD3FAC /* SF-Pro-Display-Bold.otf in Resources */,
				5767F8B32A4F8B4600AD3FAC /* SF-Pro-Display-Regular.otf in Resources */,
				5767F8AF2A4F8B4600AD3FAC /* SF-Pro-Display-BlackItalic.otf in Resources */,
			);
			runOnlyForDeploymentPostprocessing = 0;
		};
		57B209892A37EB8300704BDC /* Resources */ = {
			isa = PBXResourcesBuildPhase;
			buildActionMask = 2147483647;
			files = (
			);
			runOnlyForDeploymentPostprocessing = 0;
		};
		57B209932A37EB8300704BDC /* Resources */ = {
			isa = PBXResourcesBuildPhase;
			buildActionMask = 2147483647;
			files = (
			);
			runOnlyForDeploymentPostprocessing = 0;
		};
/* End PBXResourcesBuildPhase section */

/* Begin PBXSourcesBuildPhase section */
		57B209772A37EB8000704BDC /* Sources */ = {
			isa = PBXSourcesBuildPhase;
			buildActionMask = 2147483647;
			files = (
				5767F8C32A53358F00AD3FAC /* AddNewGoalCard.swift in Sources */,
				57F6FE332A3FABCA00D21281 /* AuthManager.swift in Sources */,
				57B6FE722A49E1CE00A64190 /* MainApp.swift in Sources */,
				573166B62A43786E0051F7D5 /* AppState.swift in Sources */,
				57B6FE702A462CFC00A64190 /* CodeInputScreen.swift in Sources */,
				57F6FE192A3D470000D21281 /* OnboardingPageModelView.swift in Sources */,
				57F6FE162A3D46B700D21281 /* OnboardingPagesModel.swift in Sources */,
				57535AB02A4C7F580013D044 /* CalendarScreen.swift in Sources */,
				57535AAE2A4C7D1B0013D044 /* CalendarView.swift in Sources */,
				573166BC2A44BB9B0051F7D5 /* InviteCodeDisplayScreen.swift in Sources */,
				573166AD2A426EDD0051F7D5 /* SignuporLoginScreen.swift in Sources */,
				573166B42A42AF970051F7D5 /* MainContent.swift in Sources */,
				57B6FE762A4A776900A64190 /* GoalCardView.swift in Sources */,
				57B209812A37EB8000704BDC /* SignUpScreen.swift in Sources */,
				5767F8C12A52279400AD3FAC /* DataManager.swift in Sources */,
				573166AF2A4272350051F7D5 /* LoginScreen.swift in Sources */,
				573166AB2A4217470051F7D5 /* InvitePartnerScreen.swift in Sources */,
				573166A72A415AC20051F7D5 /* User.swift in Sources */,
				573166C02A44DAAC0051F7D5 /* InviteCodeBox.swift in Sources */,
				573166B82A43D8F20051F7D5 /* HavePartner.swift in Sources */,
				57F6FE1F2A3D478100D21281 /* Theme.swift in Sources */,
				57F6FE242A3D488B00D21281 /* OnboardingScreen.swift in Sources */,
				57535AAB2A4B5D5C0013D044 /* GoalCardModel.swift in Sources */,
				57F6FE1D2A3D476500D21281 /* ButtonStyles.swift in Sources */,
				57B2097F2A37EB8000704BDC /* LDR_AppApp.swift in Sources */,
				57F6FE2F2A3F658400D21281 /* SecureTextInputField.swift in Sources */,
				57535AA82A4B5B2E0013D044 /* HomeScreen.swift in Sources */,
				5767F8BF2A50813600AD3FAC /* GoalCardModelView.swift in Sources */,
				57F6FE2D2A3F5C4400D21281 /* TextInputField.swift in Sources */,
				57F6FE222A3D480F00D21281 /* Tab View Modifiers.swift in Sources */,
				573166C22A451F110051F7D5 /* codeInputField.swift in Sources */,
			);
			runOnlyForDeploymentPostprocessing = 0;
		};
		57B209872A37EB8300704BDC /* Sources */ = {
			isa = PBXSourcesBuildPhase;
			buildActionMask = 2147483647;
			files = (
				57B209902A37EB8300704BDC /* LDR_AppTests.swift in Sources */,
			);
			runOnlyForDeploymentPostprocessing = 0;
		};
		57B209912A37EB8300704BDC /* Sources */ = {
			isa = PBXSourcesBuildPhase;
			buildActionMask = 2147483647;
			files = (
				57B2099A2A37EB8300704BDC /* LDR_AppUITests.swift in Sources */,
				57B2099C2A37EB8300704BDC /* LDR_AppUITestsLaunchTests.swift in Sources */,
			);
			runOnlyForDeploymentPostprocessing = 0;
		};
/* End PBXSourcesBuildPhase section */

/* Begin PBXTargetDependency section */
		57B2098D2A37EB8300704BDC /* PBXTargetDependency */ = {
			isa = PBXTargetDependency;
			target = 57B2097A2A37EB8000704BDC /* LDR App */;
			targetProxy = 57B2098C2A37EB8300704BDC /* PBXContainerItemProxy */;
		};
		57B209972A37EB8300704BDC /* PBXTargetDependency */ = {
			isa = PBXTargetDependency;
			target = 57B2097A2A37EB8000704BDC /* LDR App */;
			targetProxy = 57B209962A37EB8300704BDC /* PBXContainerItemProxy */;
		};
/* End PBXTargetDependency section */

/* Begin XCBuildConfiguration section */
		57B2099D2A37EB8300704BDC /* Debug */ = {
			isa = XCBuildConfiguration;
			buildSettings = {
				ALWAYS_SEARCH_USER_PATHS = NO;
				CLANG_ANALYZER_NONNULL = YES;
				CLANG_ANALYZER_NUMBER_OBJECT_CONVERSION = YES_AGGRESSIVE;
				CLANG_CXX_LANGUAGE_STANDARD = "gnu++20";
				CLANG_ENABLE_MODULES = YES;
				CLANG_ENABLE_OBJC_ARC = YES;
				CLANG_ENABLE_OBJC_WEAK = YES;
				CLANG_WARN_BLOCK_CAPTURE_AUTORELEASING = YES;
				CLANG_WARN_BOOL_CONVERSION = YES;
				CLANG_WARN_COMMA = YES;
				CLANG_WARN_CONSTANT_CONVERSION = YES;
				CLANG_WARN_DEPRECATED_OBJC_IMPLEMENTATIONS = YES;
				CLANG_WARN_DIRECT_OBJC_ISA_USAGE = YES_ERROR;
				CLANG_WARN_DOCUMENTATION_COMMENTS = YES;
				CLANG_WARN_EMPTY_BODY = YES;
				CLANG_WARN_ENUM_CONVERSION = YES;
				CLANG_WARN_INFINITE_RECURSION = YES;
				CLANG_WARN_INT_CONVERSION = YES;
				CLANG_WARN_NON_LITERAL_NULL_CONVERSION = YES;
				CLANG_WARN_OBJC_IMPLICIT_RETAIN_SELF = YES;
				CLANG_WARN_OBJC_LITERAL_CONVERSION = YES;
				CLANG_WARN_OBJC_ROOT_CLASS = YES_ERROR;
				CLANG_WARN_QUOTED_INCLUDE_IN_FRAMEWORK_HEADER = YES;
				CLANG_WARN_RANGE_LOOP_ANALYSIS = YES;
				CLANG_WARN_STRICT_PROTOTYPES = YES;
				CLANG_WARN_SUSPICIOUS_MOVE = YES;
				CLANG_WARN_UNGUARDED_AVAILABILITY = YES_AGGRESSIVE;
				CLANG_WARN_UNREACHABLE_CODE = YES;
				CLANG_WARN__DUPLICATE_METHOD_MATCH = YES;
				COPY_PHASE_STRIP = NO;
				DEBUG_INFORMATION_FORMAT = dwarf;
				ENABLE_STRICT_OBJC_MSGSEND = YES;
				ENABLE_TESTABILITY = YES;
				GCC_C_LANGUAGE_STANDARD = gnu11;
				GCC_DYNAMIC_NO_PIC = NO;
				GCC_NO_COMMON_BLOCKS = YES;
				GCC_OPTIMIZATION_LEVEL = 0;
				GCC_PREPROCESSOR_DEFINITIONS = (
					"DEBUG=1",
					"$(inherited)",
				);
				GCC_WARN_64_TO_32_BIT_CONVERSION = YES;
				GCC_WARN_ABOUT_RETURN_TYPE = YES_ERROR;
				GCC_WARN_UNDECLARED_SELECTOR = YES;
				GCC_WARN_UNINITIALIZED_AUTOS = YES_AGGRESSIVE;
				GCC_WARN_UNUSED_FUNCTION = YES;
				GCC_WARN_UNUSED_VARIABLE = YES;
				IPHONEOS_DEPLOYMENT_TARGET = 16.4;
				MTL_ENABLE_DEBUG_INFO = INCLUDE_SOURCE;
				MTL_FAST_MATH = YES;
				ONLY_ACTIVE_ARCH = YES;
				SDKROOT = iphoneos;
				SWIFT_ACTIVE_COMPILATION_CONDITIONS = DEBUG;
				SWIFT_OPTIMIZATION_LEVEL = "-Onone";
			};
			name = Debug;
		};
		57B2099E2A37EB8300704BDC /* Release */ = {
			isa = XCBuildConfiguration;
			buildSettings = {
				ALWAYS_SEARCH_USER_PATHS = NO;
				CLANG_ANALYZER_NONNULL = YES;
				CLANG_ANALYZER_NUMBER_OBJECT_CONVERSION = YES_AGGRESSIVE;
				CLANG_CXX_LANGUAGE_STANDARD = "gnu++20";
				CLANG_ENABLE_MODULES = YES;
				CLANG_ENABLE_OBJC_ARC = YES;
				CLANG_ENABLE_OBJC_WEAK = YES;
				CLANG_WARN_BLOCK_CAPTURE_AUTORELEASING = YES;
				CLANG_WARN_BOOL_CONVERSION = YES;
				CLANG_WARN_COMMA = YES;
				CLANG_WARN_CONSTANT_CONVERSION = YES;
				CLANG_WARN_DEPRECATED_OBJC_IMPLEMENTATIONS = YES;
				CLANG_WARN_DIRECT_OBJC_ISA_USAGE = YES_ERROR;
				CLANG_WARN_DOCUMENTATION_COMMENTS = YES;
				CLANG_WARN_EMPTY_BODY = YES;
				CLANG_WARN_ENUM_CONVERSION = YES;
				CLANG_WARN_INFINITE_RECURSION = YES;
				CLANG_WARN_INT_CONVERSION = YES;
				CLANG_WARN_NON_LITERAL_NULL_CONVERSION = YES;
				CLANG_WARN_OBJC_IMPLICIT_RETAIN_SELF = YES;
				CLANG_WARN_OBJC_LITERAL_CONVERSION = YES;
				CLANG_WARN_OBJC_ROOT_CLASS = YES_ERROR;
				CLANG_WARN_QUOTED_INCLUDE_IN_FRAMEWORK_HEADER = YES;
				CLANG_WARN_RANGE_LOOP_ANALYSIS = YES;
				CLANG_WARN_STRICT_PROTOTYPES = YES;
				CLANG_WARN_SUSPICIOUS_MOVE = YES;
				CLANG_WARN_UNGUARDED_AVAILABILITY = YES_AGGRESSIVE;
				CLANG_WARN_UNREACHABLE_CODE = YES;
				CLANG_WARN__DUPLICATE_METHOD_MATCH = YES;
				COPY_PHASE_STRIP = NO;
				DEBUG_INFORMATION_FORMAT = "dwarf-with-dsym";
				ENABLE_NS_ASSERTIONS = NO;
				ENABLE_STRICT_OBJC_MSGSEND = YES;
				GCC_C_LANGUAGE_STANDARD = gnu11;
				GCC_NO_COMMON_BLOCKS = YES;
				GCC_WARN_64_TO_32_BIT_CONVERSION = YES;
				GCC_WARN_ABOUT_RETURN_TYPE = YES_ERROR;
				GCC_WARN_UNDECLARED_SELECTOR = YES;
				GCC_WARN_UNINITIALIZED_AUTOS = YES_AGGRESSIVE;
				GCC_WARN_UNUSED_FUNCTION = YES;
				GCC_WARN_UNUSED_VARIABLE = YES;
				IPHONEOS_DEPLOYMENT_TARGET = 16.4;
				MTL_ENABLE_DEBUG_INFO = NO;
				MTL_FAST_MATH = YES;
				SDKROOT = iphoneos;
				SWIFT_COMPILATION_MODE = wholemodule;
				SWIFT_OPTIMIZATION_LEVEL = "-O";
				VALIDATE_PRODUCT = YES;
			};
			name = Release;
		};
		57B209A02A37EB8300704BDC /* Debug */ = {
			isa = XCBuildConfiguration;
			buildSettings = {
				ASSETCATALOG_COMPILER_APPICON_NAME = AppIcon;
				ASSETCATALOG_COMPILER_GLOBAL_ACCENT_COLOR_NAME = AccentColor;
				CODE_SIGN_STYLE = Automatic;
				CURRENT_PROJECT_VERSION = 1;
				DEVELOPMENT_ASSET_PATHS = "\"LDR App/Preview Content\"";
				DEVELOPMENT_TEAM = FF8F459FCH;
				ENABLE_PREVIEWS = YES;
				GENERATE_INFOPLIST_FILE = YES;
				INFOPLIST_FILE = "LDR-App-Info.plist";
				INFOPLIST_KEY_UIApplicationSceneManifest_Generation = YES;
				INFOPLIST_KEY_UIApplicationSupportsIndirectInputEvents = YES;
				INFOPLIST_KEY_UILaunchScreen_Generation = YES;
				INFOPLIST_KEY_UISupportedInterfaceOrientations_iPad = "UIInterfaceOrientationPortrait UIInterfaceOrientationPortraitUpsideDown UIInterfaceOrientationLandscapeLeft UIInterfaceOrientationLandscapeRight";
				INFOPLIST_KEY_UISupportedInterfaceOrientations_iPhone = "UIInterfaceOrientationPortrait UIInterfaceOrientationLandscapeLeft UIInterfaceOrientationLandscapeRight";
				IPHONEOS_DEPLOYMENT_TARGET = 16.0;
				LD_RUNPATH_SEARCH_PATHS = (
					"$(inherited)",
					"@executable_path/Frameworks",
				);
				MARKETING_VERSION = 1.0;
				PRODUCT_BUNDLE_IDENTIFIER = "example.LDR-App";
				PRODUCT_NAME = "$(TARGET_NAME)";
				SWIFT_EMIT_LOC_STRINGS = YES;
				SWIFT_VERSION = 5.0;
				TARGETED_DEVICE_FAMILY = "1,2";
			};
			name = Debug;
		};
		57B209A12A37EB8300704BDC /* Release */ = {
			isa = XCBuildConfiguration;
			buildSettings = {
				ASSETCATALOG_COMPILER_APPICON_NAME = AppIcon;
				ASSETCATALOG_COMPILER_GLOBAL_ACCENT_COLOR_NAME = AccentColor;
				CODE_SIGN_STYLE = Automatic;
				CURRENT_PROJECT_VERSION = 1;
				DEVELOPMENT_ASSET_PATHS = "\"LDR App/Preview Content\"";
				DEVELOPMENT_TEAM = FF8F459FCH;
				ENABLE_PREVIEWS = YES;
				GENERATE_INFOPLIST_FILE = YES;
				INFOPLIST_FILE = "LDR-App-Info.plist";
				INFOPLIST_KEY_UIApplicationSceneManifest_Generation = YES;
				INFOPLIST_KEY_UIApplicationSupportsIndirectInputEvents = YES;
				INFOPLIST_KEY_UILaunchScreen_Generation = YES;
				INFOPLIST_KEY_UISupportedInterfaceOrientations_iPad = "UIInterfaceOrientationPortrait UIInterfaceOrientationPortraitUpsideDown UIInterfaceOrientationLandscapeLeft UIInterfaceOrientationLandscapeRight";
				INFOPLIST_KEY_UISupportedInterfaceOrientations_iPhone = "UIInterfaceOrientationPortrait UIInterfaceOrientationLandscapeLeft UIInterfaceOrientationLandscapeRight";
				IPHONEOS_DEPLOYMENT_TARGET = 16.0;
				LD_RUNPATH_SEARCH_PATHS = (
					"$(inherited)",
					"@executable_path/Frameworks",
				);
				MARKETING_VERSION = 1.0;
				PRODUCT_BUNDLE_IDENTIFIER = "example.LDR-App";
				PRODUCT_NAME = "$(TARGET_NAME)";
				SWIFT_EMIT_LOC_STRINGS = YES;
				SWIFT_VERSION = 5.0;
				TARGETED_DEVICE_FAMILY = "1,2";
			};
			name = Release;
		};
		57B209A32A37EB8300704BDC /* Debug */ = {
			isa = XCBuildConfiguration;
			buildSettings = {
				ALWAYS_EMBED_SWIFT_STANDARD_LIBRARIES = YES;
				BUNDLE_LOADER = "$(TEST_HOST)";
				CODE_SIGN_STYLE = Automatic;
				CURRENT_PROJECT_VERSION = 1;
				GENERATE_INFOPLIST_FILE = YES;
				IPHONEOS_DEPLOYMENT_TARGET = 16.4;
				MARKETING_VERSION = 1.0;
				PRODUCT_BUNDLE_IDENTIFIER = "example.LDR-AppTests";
				PRODUCT_NAME = "$(TARGET_NAME)";
				SWIFT_EMIT_LOC_STRINGS = NO;
				SWIFT_VERSION = 5.0;
				TARGETED_DEVICE_FAMILY = "1,2";
				TEST_HOST = "$(BUILT_PRODUCTS_DIR)/LDR App.app/$(BUNDLE_EXECUTABLE_FOLDER_PATH)/LDR App";
			};
			name = Debug;
		};
		57B209A42A37EB8300704BDC /* Release */ = {
			isa = XCBuildConfiguration;
			buildSettings = {
				ALWAYS_EMBED_SWIFT_STANDARD_LIBRARIES = YES;
				BUNDLE_LOADER = "$(TEST_HOST)";
				CODE_SIGN_STYLE = Automatic;
				CURRENT_PROJECT_VERSION = 1;
				GENERATE_INFOPLIST_FILE = YES;
				IPHONEOS_DEPLOYMENT_TARGET = 16.4;
				MARKETING_VERSION = 1.0;
				PRODUCT_BUNDLE_IDENTIFIER = "example.LDR-AppTests";
				PRODUCT_NAME = "$(TARGET_NAME)";
				SWIFT_EMIT_LOC_STRINGS = NO;
				SWIFT_VERSION = 5.0;
				TARGETED_DEVICE_FAMILY = "1,2";
				TEST_HOST = "$(BUILT_PRODUCTS_DIR)/LDR App.app/$(BUNDLE_EXECUTABLE_FOLDER_PATH)/LDR App";
			};
			name = Release;
		};
		57B209A62A37EB8300704BDC /* Debug */ = {
			isa = XCBuildConfiguration;
			buildSettings = {
				ALWAYS_EMBED_SWIFT_STANDARD_LIBRARIES = YES;
				CODE_SIGN_STYLE = Automatic;
				CURRENT_PROJECT_VERSION = 1;
				GENERATE_INFOPLIST_FILE = YES;
				MARKETING_VERSION = 1.0;
				PRODUCT_BUNDLE_IDENTIFIER = "example.LDR-AppUITests";
				PRODUCT_NAME = "$(TARGET_NAME)";
				SWIFT_EMIT_LOC_STRINGS = NO;
				SWIFT_VERSION = 5.0;
				TARGETED_DEVICE_FAMILY = "1,2";
				TEST_TARGET_NAME = "LDR App";
			};
			name = Debug;
		};
		57B209A72A37EB8300704BDC /* Release */ = {
			isa = XCBuildConfiguration;
			buildSettings = {
				ALWAYS_EMBED_SWIFT_STANDARD_LIBRARIES = YES;
				CODE_SIGN_STYLE = Automatic;
				CURRENT_PROJECT_VERSION = 1;
				GENERATE_INFOPLIST_FILE = YES;
				MARKETING_VERSION = 1.0;
				PRODUCT_BUNDLE_IDENTIFIER = "example.LDR-AppUITests";
				PRODUCT_NAME = "$(TARGET_NAME)";
				SWIFT_EMIT_LOC_STRINGS = NO;
				SWIFT_VERSION = 5.0;
				TARGETED_DEVICE_FAMILY = "1,2";
				TEST_TARGET_NAME = "LDR App";
			};
			name = Release;
		};
/* End XCBuildConfiguration section */

/* Begin XCConfigurationList section */
		57B209762A37EB8000704BDC /* Build configuration list for PBXProject "LDR App" */ = {
			isa = XCConfigurationList;
			buildConfigurations = (
				57B2099D2A37EB8300704BDC /* Debug */,
				57B2099E2A37EB8300704BDC /* Release */,
			);
			defaultConfigurationIsVisible = 0;
			defaultConfigurationName = Release;
		};
		57B2099F2A37EB8300704BDC /* Build configuration list for PBXNativeTarget "LDR App" */ = {
			isa = XCConfigurationList;
			buildConfigurations = (
				57B209A02A37EB8300704BDC /* Debug */,
				57B209A12A37EB8300704BDC /* Release */,
			);
			defaultConfigurationIsVisible = 0;
			defaultConfigurationName = Release;
		};
		57B209A22A37EB8300704BDC /* Build configuration list for PBXNativeTarget "LDR AppTests" */ = {
			isa = XCConfigurationList;
			buildConfigurations = (
				57B209A32A37EB8300704BDC /* Debug */,
				57B209A42A37EB8300704BDC /* Release */,
			);
			defaultConfigurationIsVisible = 0;
			defaultConfigurationName = Release;
		};
		57B209A52A37EB8300704BDC /* Build configuration list for PBXNativeTarget "LDR AppUITests" */ = {
			isa = XCConfigurationList;
			buildConfigurations = (
				57B209A62A37EB8300704BDC /* Debug */,
				57B209A72A37EB8300704BDC /* Release */,
			);
			defaultConfigurationIsVisible = 0;
			defaultConfigurationName = Release;
		};
/* End XCConfigurationList section */

/* Begin XCRemoteSwiftPackageReference section */
		5772F0352A55FC0000A000E0 /* XCRemoteSwiftPackageReference "SwipeActions" */ = {
			isa = XCRemoteSwiftPackageReference;
			repositoryURL = "https://github.com/aheze/SwipeActions";
			requirement = {
				kind = upToNextMajorVersion;
				minimumVersion = 1.0.0;
			};
		};
		57B6FE612A4548E200A64190 /* XCRemoteSwiftPackageReference "firebase-ios-sdk" */ = {
			isa = XCRemoteSwiftPackageReference;
			repositoryURL = "https://github.com/firebase/firebase-ios-sdk";
			requirement = {
				kind = upToNextMajorVersion;
				minimumVersion = 10.0.0;
			};
		};
		57B6FE6C2A454B4200A64190 /* XCRemoteSwiftPackageReference "SWCodeField" */ = {
			isa = XCRemoteSwiftPackageReference;
			repositoryURL = "https://github.com/DobbyWanKenoby/SWCodeField";
			requirement = {
				kind = upToNextMajorVersion;
				minimumVersion = 1.0.0;
			};
		};
/* End XCRemoteSwiftPackageReference section */

/* Begin XCSwiftPackageProductDependency section */
		5772F0362A55FC0000A000E0 /* SwipeActions */ = {
			isa = XCSwiftPackageProductDependency;
			package = 5772F0352A55FC0000A000E0 /* XCRemoteSwiftPackageReference "SwipeActions" */;
			productName = SwipeActions;
		};
		57B6FE622A4548E200A64190 /* FirebaseAnalytics */ = {
			isa = XCSwiftPackageProductDependency;
			package = 57B6FE612A4548E200A64190 /* XCRemoteSwiftPackageReference "firebase-ios-sdk" */;
			productName = FirebaseAnalytics;
		};
		57B6FE642A4548E200A64190 /* FirebaseAuth */ = {
			isa = XCSwiftPackageProductDependency;
			package = 57B6FE612A4548E200A64190 /* XCRemoteSwiftPackageReference "firebase-ios-sdk" */;
			productName = FirebaseAuth;
		};
		57B6FE662A4548E200A64190 /* FirebaseFirestore */ = {
			isa = XCSwiftPackageProductDependency;
			package = 57B6FE612A4548E200A64190 /* XCRemoteSwiftPackageReference "firebase-ios-sdk" */;
			productName = FirebaseFirestore;
		};
		57B6FE682A4548E200A64190 /* FirebaseFirestoreSwift */ = {
			isa = XCSwiftPackageProductDependency;
			package = 57B6FE612A4548E200A64190 /* XCRemoteSwiftPackageReference "firebase-ios-sdk" */;
			productName = FirebaseFirestoreSwift;
		};
		57B6FE6A2A4548E200A64190 /* FirebaseStorage */ = {
			isa = XCSwiftPackageProductDependency;
			package = 57B6FE612A4548E200A64190 /* XCRemoteSwiftPackageReference "firebase-ios-sdk" */;
			productName = FirebaseStorage;
		};
		57B6FE6D2A454B4200A64190 /* SWCodeField */ = {
			isa = XCSwiftPackageProductDependency;
			package = 57B6FE6C2A454B4200A64190 /* XCRemoteSwiftPackageReference "SWCodeField" */;
			productName = SWCodeField;
		};
/* End XCSwiftPackageProductDependency section */
	};
	rootObject = 57B209732A37EB8000704BDC /* Project object */;
}
